
Microsoft Visual Studio Solution File, Format Version 12.00
# Visual Studio Version 17
VisualStudioVersion = 17.1.32228.430
MinimumVisualStudioVersion = 10.0.40219.1
Project("{8BC9CEB8-8B4A-11D0-8D11-00A0C91BC942}") = "p104", "p104\p104.vcxproj", "{0F05274E-B01D-4F8A-BC88-D07DF9A9BDAF}"
EndProject
Project("{8BC9CEB8-8B4A-11D0-8D11-00A0C91BC942}") = "p106", "p106\p106.vcxproj", "{66D99097-3F09-4C5E-AA36-434E446C5DD2}"
EndProject
Project("{8BC9CEB8-8B4A-11D0-8D11-00A0C91BC942}") = "p118", "p118\p118.vcxproj", "{19DA92D2-F016-47CD-9A1B-BBF085942C14}"
EndProject
Global
	GlobalSection(SolutionConfigurationPlatforms) = preSolution
		Debug|x64 = Debug|x64
		Debug|x86 = Debug|x86
		Release|x64 = Release|x64
		Release|x86 = Release|x86
	EndGlobalSection
	GlobalSection(ProjectConfigurationPlatforms) = postSolution
		{0F05274E-B01D-4F8A-BC88-D07DF9A9BDAF}.Debug|x64.ActiveCfg = Debug|x64
		{0F05274E-B01D-4F8A-BC88-D07DF9A9BDAF}.Debug|x64.Build.0 = Debug|x64
		{0F05274E-B01D-4F8A-BC88-D07DF9A9BDAF}.Debug|x86.ActiveCfg = Debug|Win32
		{0F05274E-B01D-4F8A-BC88-D07DF9A9BDAF}.Debug|x86.Build.0 = Debug|Win32
		{0F05274E-B01D-4F8A-BC88-D07DF9A9BDAF}.Release|x64.ActiveCfg = Release|x64
		{0F05274E-B01D-4F8A-BC88-D07DF9A9BDAF}.Release|x64.Build.0 = Release|x64
		{0F05274E-B01D-4F8A-BC88-D07DF9A9BDAF}.Release|x86.ActiveCfg = Release|Win32
		{0F05274E-B01D-4F8A-BC88-D07DF9A9BDAF}.Release|x86.Build.0 = Release|Win32
		{66D99097-3F09-4C5E-AA36-434E446C5DD2}.Debug|x64.ActiveCfg = Debug|x64
		{66D99097-3F09-4C5E-AA36-434E446C5DD2}.Debug|x64.Build.0 = Debug|x64
		{66D99097-3F09-4C5E-AA36-434E446C5DD2}.Debug|x86.ActiveCfg = Debug|Win32
		{66D99097-3F09-4C5E-AA36-434E446C5DD2}.Debug|x86.Build.0 = Debug|Win32
		{66D99097-3F09-4C5E-AA36-434E446C5DD2}.Release|x64.ActiveCfg = Release|x64
		{66D99097-3F09-4C5E-AA36-434E446C5DD2}.Release|x64.Build.0 = Release|x64
		{66D99097-3F09-4C5E-AA36-434E446C5DD2}.Release|x86.ActiveCfg = Release|Win32
		{66D99097-3F09-4C5E-AA36-434E446C5DD2}.Release|x86.Build.0 = Release|Win32
		{19DA92D2-F016-47CD-9A1B-BBF085942C14}.Debug|x64.ActiveCfg = Debug|x64
		{19DA92D2-F016-47CD-9A1B-BBF085942C14}.Debug|x64.Build.0 = Debug|x64
		{19DA92D2-F016-47CD-9A1B-BBF085942C14}.Debug|x86.ActiveCfg = Debug|Win32
		{19DA92D2-F016-47CD-9A1B-BBF085942C14}.Debug|x86.Build.0 = Debug|Win32
		{19DA92D2-F016-47CD-9A1B-BBF085942C14}.Release|x64.ActiveCfg = Release|x64
		{19DA92D2-F016-47CD-9A1B-BBF085942C14}.Release|x64.Build.0 = Release|x64
		{19DA92D2-F016-47CD-9A1B-BBF085942C14}.Release|x86.ActiveCfg = Release|Win32
		{19DA92D2-F016-47CD-9A1B-BBF085942C14}.Release|x86.Build.0 = Release|Win32
	EndGlobalSection
	GlobalSection(SolutionProperties) = preSolution
		HideSolutionNode = FALSE
	EndGlobalSection
	GlobalSection(ExtensibilityGlobals) = postSolution
		SolutionGuid = {77686ED3-7092-4E15-9356-40F094F3FEC0}
	EndGlobalSection
EndGlobal
