
Microsoft Visual Studio Solution File, Format Version 12.00
# Visual Studio Version 17
VisualStudioVersion = 17.1.32228.430
MinimumVisualStudioVersion = 10.0.40219.1
Project("{8BC9CEB8-8B4A-11D0-8D11-00A0C91BC942}") = "p486", "p486\p486.vcxproj", "{A7444D22-B9BC-4683-9431-A367CC111A12}"
EndProject
Project("{8BC9CEB8-8B4A-11D0-8D11-00A0C91BC942}") = "p491", "p491\p491.vcxproj", "{A6112EE9-BB97-4C2E-B07D-3C5452D53148}"
EndProject
Project("{8BC9CEB8-8B4A-11D0-8D11-00A0C91BC942}") = "p492", "p492\p492.vcxproj", "{92A0D9D8-6662-4E13-AC30-FCA370C25B9E}"
EndProject
Project("{8BC9CEB8-8B4A-11D0-8D11-00A0C91BC942}") = "p502", "p502\p502.vcxproj", "{2D7D7699-606F-40B9-9B06-5346D1BF61C1}"
EndProject
Project("{8BC9CEB8-8B4A-11D0-8D11-00A0C91BC942}") = "p508", "p508\p508.vcxproj", "{E3F622ED-A58B-48D1-B1FC-9D28A46B80DC}"
EndProject
Global
	GlobalSection(SolutionConfigurationPlatforms) = preSolution
		Debug|x64 = Debug|x64
		Debug|x86 = Debug|x86
		Release|x64 = Release|x64
		Release|x86 = Release|x86
	EndGlobalSection
	GlobalSection(ProjectConfigurationPlatforms) = postSolution
		{A7444D22-B9BC-4683-9431-A367CC111A12}.Debug|x64.ActiveCfg = Debug|x64
		{A7444D22-B9BC-4683-9431-A367CC111A12}.Debug|x64.Build.0 = Debug|x64
		{A7444D22-B9BC-4683-9431-A367CC111A12}.Debug|x86.ActiveCfg = Debug|Win32
		{A7444D22-B9BC-4683-9431-A367CC111A12}.Debug|x86.Build.0 = Debug|Win32
		{A7444D22-B9BC-4683-9431-A367CC111A12}.Release|x64.ActiveCfg = Release|x64
		{A7444D22-B9BC-4683-9431-A367CC111A12}.Release|x64.Build.0 = Release|x64
		{A7444D22-B9BC-4683-9431-A367CC111A12}.Release|x86.ActiveCfg = Release|Win32
		{A7444D22-B9BC-4683-9431-A367CC111A12}.Release|x86.Build.0 = Release|Win32
		{A6112EE9-BB97-4C2E-B07D-3C5452D53148}.Debug|x64.ActiveCfg = Debug|x64
		{A6112EE9-BB97-4C2E-B07D-3C5452D53148}.Debug|x64.Build.0 = Debug|x64
		{A6112EE9-BB97-4C2E-B07D-3C5452D53148}.Debug|x86.ActiveCfg = Debug|Win32
		{A6112EE9-BB97-4C2E-B07D-3C5452D53148}.Debug|x86.Build.0 = Debug|Win32
		{A6112EE9-BB97-4C2E-B07D-3C5452D53148}.Release|x64.ActiveCfg = Release|x64
		{A6112EE9-BB97-4C2E-B07D-3C5452D53148}.Release|x64.Build.0 = Release|x64
		{A6112EE9-BB97-4C2E-B07D-3C5452D53148}.Release|x86.ActiveCfg = Release|Win32
		{A6112EE9-BB97-4C2E-B07D-3C5452D53148}.Release|x86.Build.0 = Release|Win32
		{92A0D9D8-6662-4E13-AC30-FCA370C25B9E}.Debug|x64.ActiveCfg = Debug|x64
		{92A0D9D8-6662-4E13-AC30-FCA370C25B9E}.Debug|x64.Build.0 = Debug|x64
		{92A0D9D8-6662-4E13-AC30-FCA370C25B9E}.Debug|x86.ActiveCfg = Debug|Win32
		{92A0D9D8-6662-4E13-AC30-FCA370C25B9E}.Debug|x86.Build.0 = Debug|Win32
		{92A0D9D8-6662-4E13-AC30-FCA370C25B9E}.Release|x64.ActiveCfg = Release|x64
		{92A0D9D8-6662-4E13-AC30-FCA370C25B9E}.Release|x64.Build.0 = Release|x64
		{92A0D9D8-6662-4E13-AC30-FCA370C25B9E}.Release|x86.ActiveCfg = Release|Win32
		{92A0D9D8-6662-4E13-AC30-FCA370C25B9E}.Release|x86.Build.0 = Release|Win32
		{2D7D7699-606F-40B9-9B06-5346D1BF61C1}.Debug|x64.ActiveCfg = Debug|x64
		{2D7D7699-606F-40B9-9B06-5346D1BF61C1}.Debug|x64.Build.0 = Debug|x64
		{2D7D7699-606F-40B9-9B06-5346D1BF61C1}.Debug|x86.ActiveCfg = Debug|Win32
		{2D7D7699-606F-40B9-9B06-5346D1BF61C1}.Debug|x86.Build.0 = Debug|Win32
		{2D7D7699-606F-40B9-9B06-5346D1BF61C1}.Release|x64.ActiveCfg = Release|x64
		{2D7D7699-606F-40B9-9B06-5346D1BF61C1}.Release|x64.Build.0 = Release|x64
		{2D7D7699-606F-40B9-9B06-5346D1BF61C1}.Release|x86.ActiveCfg = Release|Win32
		{2D7D7699-606F-40B9-9B06-5346D1BF61C1}.Release|x86.Build.0 = Release|Win32
		{E3F622ED-A58B-48D1-B1FC-9D28A46B80DC}.Debug|x64.ActiveCfg = Debug|x64
		{E3F622ED-A58B-48D1-B1FC-9D28A46B80DC}.Debug|x64.Build.0 = Debug|x64
		{E3F622ED-A58B-48D1-B1FC-9D28A46B80DC}.Debug|x86.ActiveCfg = Debug|Win32
		{E3F622ED-A58B-48D1-B1FC-9D28A46B80DC}.Debug|x86.Build.0 = Debug|Win32
		{E3F622ED-A58B-48D1-B1FC-9D28A46B80DC}.Release|x64.ActiveCfg = Release|x64
		{E3F622ED-A58B-48D1-B1FC-9D28A46B80DC}.Release|x64.Build.0 = Release|x64
		{E3F622ED-A58B-48D1-B1FC-9D28A46B80DC}.Release|x86.ActiveCfg = Release|Win32
		{E3F622ED-A58B-48D1-B1FC-9D28A46B80DC}.Release|x86.Build.0 = Release|Win32
	EndGlobalSection
	GlobalSection(SolutionProperties) = preSolution
		HideSolutionNode = FALSE
	EndGlobalSection
	GlobalSection(ExtensibilityGlobals) = postSolution
		SolutionGuid = {9DDC8796-564C-49DA-AF37-4ED9D0E5F683}
	EndGlobalSection
EndGlobal
