
Microsoft Visual Studio Solution File, Format Version 12.00
# Visual Studio Version 17
VisualStudioVersion = 17.1.32228.430
MinimumVisualStudioVersion = 10.0.40219.1
Project("{8BC9CEB8-8B4A-11D0-8D11-00A0C91BC942}") = "p161", "p161\p161.vcxproj", "{486DDD97-C832-41FC-BD33-78B5E1FCF9A4}"
EndProject
Project("{8BC9CEB8-8B4A-11D0-8D11-00A0C91BC942}") = "p174", "p174\p174.vcxproj", "{80E598AA-1B2C-4459-BA74-95F609472660}"
EndProject
Project("{8BC9CEB8-8B4A-11D0-8D11-00A0C91BC942}") = "p178", "p178\p178.vcxproj", "{85CCF324-3FC5-42F0-9416-9FE6884B18DD}"
EndProject
Global
	GlobalSection(SolutionConfigurationPlatforms) = preSolution
		Debug|x64 = Debug|x64
		Debug|x86 = Debug|x86
		Release|x64 = Release|x64
		Release|x86 = Release|x86
	EndGlobalSection
	GlobalSection(ProjectConfigurationPlatforms) = postSolution
		{486DDD97-C832-41FC-BD33-78B5E1FCF9A4}.Debug|x64.ActiveCfg = Debug|x64
		{486DDD97-C832-41FC-BD33-78B5E1FCF9A4}.Debug|x64.Build.0 = Debug|x64
		{486DDD97-C832-41FC-BD33-78B5E1FCF9A4}.Debug|x86.ActiveCfg = Debug|Win32
		{486DDD97-C832-41FC-BD33-78B5E1FCF9A4}.Debug|x86.Build.0 = Debug|Win32
		{486DDD97-C832-41FC-BD33-78B5E1FCF9A4}.Release|x64.ActiveCfg = Release|x64
		{486DDD97-C832-41FC-BD33-78B5E1FCF9A4}.Release|x64.Build.0 = Release|x64
		{486DDD97-C832-41FC-BD33-78B5E1FCF9A4}.Release|x86.ActiveCfg = Release|Win32
		{486DDD97-C832-41FC-BD33-78B5E1FCF9A4}.Release|x86.Build.0 = Release|Win32
		{80E598AA-1B2C-4459-BA74-95F609472660}.Debug|x64.ActiveCfg = Debug|x64
		{80E598AA-1B2C-4459-BA74-95F609472660}.Debug|x64.Build.0 = Debug|x64
		{80E598AA-1B2C-4459-BA74-95F609472660}.Debug|x86.ActiveCfg = Debug|Win32
		{80E598AA-1B2C-4459-BA74-95F609472660}.Debug|x86.Build.0 = Debug|Win32
		{80E598AA-1B2C-4459-BA74-95F609472660}.Release|x64.ActiveCfg = Release|x64
		{80E598AA-1B2C-4459-BA74-95F609472660}.Release|x64.Build.0 = Release|x64
		{80E598AA-1B2C-4459-BA74-95F609472660}.Release|x86.ActiveCfg = Release|Win32
		{80E598AA-1B2C-4459-BA74-95F609472660}.Release|x86.Build.0 = Release|Win32
		{85CCF324-3FC5-42F0-9416-9FE6884B18DD}.Debug|x64.ActiveCfg = Debug|x64
		{85CCF324-3FC5-42F0-9416-9FE6884B18DD}.Debug|x64.Build.0 = Debug|x64
		{85CCF324-3FC5-42F0-9416-9FE6884B18DD}.Debug|x86.ActiveCfg = Debug|Win32
		{85CCF324-3FC5-42F0-9416-9FE6884B18DD}.Debug|x86.Build.0 = Debug|Win32
		{85CCF324-3FC5-42F0-9416-9FE6884B18DD}.Release|x64.ActiveCfg = Release|x64
		{85CCF324-3FC5-42F0-9416-9FE6884B18DD}.Release|x64.Build.0 = Release|x64
		{85CCF324-3FC5-42F0-9416-9FE6884B18DD}.Release|x86.ActiveCfg = Release|Win32
		{85CCF324-3FC5-42F0-9416-9FE6884B18DD}.Release|x86.Build.0 = Release|Win32
	EndGlobalSection
	GlobalSection(SolutionProperties) = preSolution
		HideSolutionNode = FALSE
	EndGlobalSection
	GlobalSection(ExtensibilityGlobals) = postSolution
		SolutionGuid = {D29E323B-6D71-4541-9F04-E81CDC1A79B5}
	EndGlobalSection
EndGlobal
